{
    "_readme": [
        "This file locks the dependencies of your project to a known state",
        "Read more about it at https://getcomposer.org/doc/01-basic-usage.md#composer-lock-the-lock-file",
        "This file is @generated automatically"
    ],
    "content-hash": "4ffa12e13872fcc729df8f55d1b94b15",
    "packages": [
        {
            "name": "christeredvartsen/php-bittorrent",
            "version": "dev-master",
            "source": {
                "type": "git",
                "url": "https://github.com/christeredvartsen/php-bittorrent.git",
                "reference": "a9315b6f93b45872667875668423cdb823f615d0"
            },
            "dist": {
                "type": "zip",
                "url": "https://api.github.com/repos/christeredvartsen/php-bittorrent/zipball/a9315b6f93b45872667875668423cdb823f615d0",
                "reference": "a9315b6f93b45872667875668423cdb823f615d0",
                "shasum": ""
            },
            "require": {
                "php": ">=5.3.2"
            },
            "require-dev": {
                "phpunit/phpunit": "3.7.*"
            },
            "type": "library",
            "autoload": {
                "psr-0": {
                    "PHP\\BitTorrent": ""
                }
            },
            "notification-url": "https://packagist.org/downloads/",
            "license": [
                "MIT"
            ],
            "authors": [
                {
                    "name": "Christer Edvartsen",
                    "email": "cogo@starzinger.net",
                    "homepage": "http://cogo.wordpress.com",
                    "role": "Project lead"
                }
            ],
            "description": "PHP\\BitTorrent is a set of components that can be used to interact with torrent files (read+write) and classes that can encode/decode to/from the BitTorrent format.",
            "homepage": "https://github.com/christeredvartsen/php-bittorrent",
            "keywords": [
                "bittorrent",
                "torrent"
            ],
            "time": "2013-01-11 12:12:20"
        },
        {
            "name": "composer/ca-bundle",
            "version": "1.0.6",
            "source": {
                "type": "git",
                "url": "https://github.com/composer/ca-bundle.git",
                "reference": "a795611394b3c05164fd0eb291b492b39339cba4"
            },
            "dist": {
                "type": "zip",
                "url": "https://api.github.com/repos/composer/ca-bundle/zipball/a795611394b3c05164fd0eb291b492b39339cba4",
                "reference": "a795611394b3c05164fd0eb291b492b39339cba4",
                "shasum": ""
            },
            "require": {
                "ext-openssl": "*",
                "ext-pcre": "*",
                "php": "^5.3.2 || ^7.0"
            },
            "require-dev": {
                "psr/log": "^1.0",
                "symfony/process": "^2.5 || ^3.0"
            },
            "suggest": {
                "symfony/process": "This is necessary to reliably check whether openssl_x509_parse is vulnerable on older php versions, but can be ignored on PHP 5.5.6+"
            },
            "type": "library",
            "extra": {
                "branch-alias": {
                    "dev-master": "1.x-dev"
                }
            },
            "autoload": {
                "psr-4": {
                    "Composer\\CaBundle\\": "src"
                }
            },
            "notification-url": "https://packagist.org/downloads/",
            "license": [
                "MIT"
            ],
            "authors": [
                {
                    "name": "Jordi Boggiano",
                    "email": "j.boggiano@seld.be",
                    "homepage": "http://seld.be"
                }
            ],
            "description": "Lets you find a path to the system CA bundle, and includes a fallback to the Mozilla CA bundle.",
            "keywords": [
                "cabundle",
                "cacert",
                "certificate",
                "ssl",
                "tls"
            ],
            "time": "2016-11-02T18:11:27+00:00"
        },
        {
            "name": "geoip2/geoip2",
            "version": "v2.4.4",
            "source": {
                "type": "git",
                "url": "https://github.com/maxmind/GeoIP2-php.git",
                "reference": "57e0384a83d0935db4c4cdb3f411aa131481ae80"
            },
            "dist": {
                "type": "zip",
                "url": "https://api.github.com/repos/maxmind/GeoIP2-php/zipball/57e0384a83d0935db4c4cdb3f411aa131481ae80",
                "reference": "57e0384a83d0935db4c4cdb3f411aa131481ae80",
                "shasum": ""
            },
            "require": {
                "maxmind-db/reader": "~1.0",
                "maxmind/web-service-common": "~0.3",
                "php": ">=5.3.1"
            },
            "require-dev": {
                "phpunit/phpunit": "4.2.*",
                "squizlabs/php_codesniffer": "2.*"
            },
            "type": "library",
            "autoload": {
                "psr-4": {
                    "GeoIp2\\": "src"
                }
            },
            "notification-url": "https://packagist.org/downloads/",
            "license": [
                "Apache-2.0"
            ],
            "authors": [
                {
                    "name": "Gregory J. Oschwald",
                    "email": "goschwald@maxmind.com",
                    "homepage": "http://www.maxmind.com/"
                }
            ],
            "description": "MaxMind GeoIP2 PHP API",
            "homepage": "https://github.com/maxmind/GeoIP2-php",
            "keywords": [
                "IP",
                "geoip",
                "geoip2",
                "geolocation",
                "maxmind"
            ],
            "time": "2016-10-11T21:58:42+00:00"
        },
        {
            "name": "guzzlehttp/psr7",
            "version": "1.4.2",
            "source": {
                "type": "git",
                "url": "https://github.com/guzzle/psr7.git",
                "reference": "f5b8a8512e2b58b0071a7280e39f14f72e05d87c"
            },
            "dist": {
                "type": "zip",
                "url": "https://api.github.com/repos/guzzle/psr7/zipball/f5b8a8512e2b58b0071a7280e39f14f72e05d87c",
                "reference": "f5b8a8512e2b58b0071a7280e39f14f72e05d87c",
                "shasum": ""
            },
            "require": {
                "php": ">=5.4.0",
                "psr/http-message": "~1.0"
            },
            "provide": {
                "psr/http-message-implementation": "1.0"
            },
            "require-dev": {
                "phpunit/phpunit": "~4.0"
            },
            "type": "library",
            "extra": {
                "branch-alias": {
                    "dev-master": "1.4-dev"
                }
            },
            "autoload": {
                "psr-4": {
                    "GuzzleHttp\\Psr7\\": "src/"
                },
                "files": [
                    "src/functions_include.php"
                ]
            },
            "notification-url": "https://packagist.org/downloads/",
            "license": [
                "MIT"
            ],
            "authors": [
                {
                    "name": "Michael Dowling",
                    "email": "mtdowling@gmail.com",
                    "homepage": "https://github.com/mtdowling"
                },
                {
                    "name": "Tobias Schultze",
                    "homepage": "https://github.com/Tobion"
                }
            ],
            "description": "PSR-7 message implementation that also provides common utility methods",
            "keywords": [
                "http",
                "message",
                "request",
                "response",
                "stream",
                "uri",
                "url"
            ],
            "time": "2017-03-20T17:10:46+00:00"
        },
        {
            "name": "intervention/image",
            "version": "2.3.11",
            "source": {
                "type": "git",
                "url": "https://github.com/Intervention/image.git",
                "reference": "e8881fd99b9804b29e02d6d1c2c15ee459335cf1"
            },
            "dist": {
                "type": "zip",
                "url": "https://api.github.com/repos/Intervention/image/zipball/e8881fd99b9804b29e02d6d1c2c15ee459335cf1",
                "reference": "e8881fd99b9804b29e02d6d1c2c15ee459335cf1",
                "shasum": ""
            },
            "require": {
                "ext-fileinfo": "*",
                "guzzlehttp/psr7": "~1.1",
                "php": ">=5.4.0"
            },
            "require-dev": {
                "mockery/mockery": "~0.9.2",
                "phpunit/phpunit": "3.*"
            },
            "suggest": {
                "ext-gd": "to use GD library based image processing.",
                "ext-imagick": "to use Imagick based image processing.",
                "intervention/imagecache": "Caching extension for the Intervention Image library"
            },
            "type": "library",
            "extra": {
                "branch-alias": {
                    "dev-master": "2.3-dev"
                }
            },
            "autoload": {
                "psr-4": {
                    "Intervention\\Image\\": "src/Intervention/Image"
                }
            },
            "notification-url": "https://packagist.org/downloads/",
            "license": [
                "MIT"
            ],
            "authors": [
                {
                    "name": "Oliver Vogel",
                    "email": "oliver@olivervogel.net",
                    "homepage": "http://olivervogel.net/"
                }
            ],
            "description": "Image handling and manipulation library with support for Laravel integration",
            "homepage": "http://image.intervention.io/",
            "keywords": [
                "gd",
                "image",
                "imagick",
                "laravel",
                "thumbnail",
                "watermark"
            ],
            "time": "2017-02-04T10:37:19+00:00"
        },
        {
            "name": "kleiram/transmission-php",
            "version": "dev-master",
            "source": {
                "type": "git",
                "url": "https://github.com/kleiram/transmission-php.git",
                "reference": "3a9da015251ab2a0dde241cc0ea0ea641ba9fc10"
            },
            "dist": {
                "type": "zip",
                "url": "https://api.github.com/repos/kleiram/transmission-php/zipball/3a9da015251ab2a0dde241cc0ea0ea641ba9fc10",
                "reference": "3a9da015251ab2a0dde241cc0ea0ea641ba9fc10",
                "shasum": ""
            },
            "require": {
                "kriswallsmith/buzz": ">=0.9",
                "symfony/property-access": ">=2.2.1"
            },
            "type": "library",
            "autoload": {
                "psr-0": {
                    "Transmission": "lib/"
                }
            },
            "notification-url": "https://packagist.org/downloads/",
            "license": [
                "BSD-2-Clause"
            ],
            "authors": [
                {
                    "name": "Ramon Kleiss",
                    "email": "ramon@cubilon.nl"
                }
            ],
            "description": "PHP Transmission client",
            "keywords": [
                "download",
                "torrent",
                "transmission"
            ],
            "time": "2016-09-01 08:48:10"
        },
        {
            "name": "kriswallsmith/buzz",
            "version": "v0.15",
            "source": {
                "type": "git",
                "url": "https://github.com/kriswallsmith/Buzz.git",
                "reference": "d4041666c3ffb379af02a92dabe81c904b35fab8"
            },
            "dist": {
                "type": "zip",
                "url": "https://api.github.com/repos/kriswallsmith/Buzz/zipball/d4041666c3ffb379af02a92dabe81c904b35fab8",
                "reference": "d4041666c3ffb379af02a92dabe81c904b35fab8",
                "shasum": ""
            },
            "require": {
                "php": ">=5.3.0"
            },
            "require-dev": {
                "phpunit/phpunit": "3.7.*"
            },
            "suggest": {
                "ext-curl": "*"
            },
            "type": "library",
            "autoload": {
                "psr-0": {
                    "Buzz": "lib/"
                }
            },
            "notification-url": "https://packagist.org/downloads/",
            "license": [
                "MIT"
            ],
            "authors": [
                {
                    "name": "Kris Wallsmith",
                    "email": "kris.wallsmith@gmail.com",
                    "homepage": "http://kriswallsmith.net/"
                }
            ],
            "description": "Lightweight HTTP client",
            "homepage": "https://github.com/kriswallsmith/Buzz",
            "keywords": [
                "curl",
                "http client"
            ],
            "time": "2015-06-25T17:26:56+00:00"
        },
        {
            "name": "maxmind-db/reader",
            "version": "v1.1.2",
            "source": {
                "type": "git",
                "url": "https://github.com/maxmind/MaxMind-DB-Reader-php.git",
                "reference": "571279051c3339414dc91b422fb61af540c3431d"
            },
            "dist": {
                "type": "zip",
                "url": "https://api.github.com/repos/maxmind/MaxMind-DB-Reader-php/zipball/571279051c3339414dc91b422fb61af540c3431d",
                "reference": "571279051c3339414dc91b422fb61af540c3431d",
                "shasum": ""
            },
            "require": {
                "php": ">=5.3.1"
            },
            "require-dev": {
                "phpunit/phpunit": "4.2.*",
                "satooshi/php-coveralls": "1.0.*",
                "squizlabs/php_codesniffer": "2.*"
            },
            "suggest": {
                "ext-bcmath": "bcmath or gmp is requred for decoding larger integers with the pure PHP decoder",
                "ext-gmp": "bcmath or gmp is requred for decoding larger integers with the pure PHP decoder",
                "ext-maxminddb": "A C-based database decoder that provides significantly faster lookups"
            },
            "type": "library",
            "autoload": {
                "psr-4": {
                    "MaxMind\\Db\\": "src/MaxMind/Db"
                }
            },
            "notification-url": "https://packagist.org/downloads/",
            "license": [
                "Apache-2.0"
            ],
            "authors": [
                {
                    "name": "Gregory J. Oschwald",
                    "email": "goschwald@maxmind.com",
                    "homepage": "http://www.maxmind.com/"
                }
            ],
            "description": "MaxMind DB Reader API",
            "homepage": "https://github.com/maxmind/MaxMind-DB-Reader-php",
            "keywords": [
                "database",
                "geoip",
                "geoip2",
                "geolocation",
                "maxmind"
            ],
            "time": "2016-11-21T21:33:24+00:00"
        },
        {
            "name": "maxmind/web-service-common",
            "version": "v0.3.1",
            "source": {
                "type": "git",
                "url": "https://github.com/maxmind/web-service-common-php.git",
                "reference": "1fe780bcd6a9038b7e36b13fa0aeeeeca4cdb0a4"
            },
            "dist": {
                "type": "zip",
                "url": "https://api.github.com/repos/maxmind/web-service-common-php/zipball/1fe780bcd6a9038b7e36b13fa0aeeeeca4cdb0a4",
                "reference": "1fe780bcd6a9038b7e36b13fa0aeeeeca4cdb0a4",
                "shasum": ""
            },
            "require": {
                "composer/ca-bundle": "^1.0.3",
                "ext-curl": "*",
                "ext-json": "*",
                "php": ">=5.3"
            },
            "require-dev": {
                "phpunit/phpunit": "4.*",
                "squizlabs/php_codesniffer": "2.*"
            },
            "type": "library",
            "autoload": {
                "psr-4": {
                    "MaxMind\\": "src"
                }
            },
            "notification-url": "https://packagist.org/downloads/",
            "license": [
                "Apache-2.0"
            ],
            "authors": [
                {
                    "name": "Gregory Oschwald",
                    "email": "goschwald@maxmind.com"
                }
            ],
            "description": "Internal MaxMind Web Service API",
            "homepage": "https://github.com/maxmind/mm-web-service-api-php",
            "time": "2016-08-18T16:36:52+00:00"
        },
        {
            "name": "paragonie/random_compat",
            "version": "v2.0.4",
            "source": {
                "type": "git",
                "url": "https://github.com/paragonie/random_compat.git",
                "reference": "a9b97968bcde1c4de2a5ec6cbd06a0f6c919b46e"
            },
            "dist": {
                "type": "zip",
                "url": "https://api.github.com/repos/paragonie/random_compat/zipball/a9b97968bcde1c4de2a5ec6cbd06a0f6c919b46e",
                "reference": "a9b97968bcde1c4de2a5ec6cbd06a0f6c919b46e",
                "shasum": ""
            },
            "require": {
                "php": ">=5.2.0"
            },
            "require-dev": {
                "phpunit/phpunit": "4.*|5.*"
            },
            "suggest": {
                "ext-libsodium": "Provides a modern crypto API that can be used to generate random bytes."
            },
            "type": "library",
            "autoload": {
                "files": [
                    "lib/random.php"
                ]
            },
            "notification-url": "https://packagist.org/downloads/",
            "license": [
                "MIT"
            ],
            "authors": [
                {
                    "name": "Paragon Initiative Enterprises",
                    "email": "security@paragonie.com",
                    "homepage": "https://paragonie.com"
                }
            ],
            "description": "PHP 5.x polyfill for random_bytes() and random_int() from PHP 7",
            "keywords": [
                "csprng",
                "pseudorandom",
                "random"
            ],
            "time": "2016-11-07T23:38:38+00:00"
        },
        {
            "name": "psr/http-message",
            "version": "1.0.1",
            "source": {
                "type": "git",
                "url": "https://github.com/php-fig/http-message.git",
                "reference": "f6561bf28d520154e4b0ec72be95418abe6d9363"
            },
            "dist": {
                "type": "zip",
                "url": "https://api.github.com/repos/php-fig/http-message/zipball/f6561bf28d520154e4b0ec72be95418abe6d9363",
                "reference": "f6561bf28d520154e4b0ec72be95418abe6d9363",
                "shasum": ""
            },
            "require": {
                "php": ">=5.3.0"
            },
            "type": "library",
            "extra": {
                "branch-alias": {
                    "dev-master": "1.0.x-dev"
                }
            },
            "autoload": {
                "psr-4": {
                    "Psr\\Http\\Message\\": "src/"
                }
            },
            "notification-url": "https://packagist.org/downloads/",
            "license": [
                "MIT"
            ],
            "authors": [
                {
                    "name": "PHP-FIG",
                    "homepage": "http://www.php-fig.org/"
                }
            ],
            "description": "Common interface for HTTP messages",
            "homepage": "https://github.com/php-fig/http-message",
            "keywords": [
                "http",
                "http-message",
                "psr",
                "psr-7",
                "request",
                "response"
            ],
            "time": "2016-08-06T14:39:51+00:00"
        },
        {
            "name": "symfony/inflector",
            "version": "v3.2.1",
            "source": {
                "type": "git",
                "url": "https://github.com/symfony/inflector.git",
                "reference": "50453f605f0f7f397aad4a4566d2b1d1fab9c3e2"
            },
            "dist": {
                "type": "zip",
                "url": "https://api.github.com/repos/symfony/inflector/zipball/50453f605f0f7f397aad4a4566d2b1d1fab9c3e2",
                "reference": "50453f605f0f7f397aad4a4566d2b1d1fab9c3e2",
                "shasum": ""
            },
            "require": {
                "php": ">=5.5.9"
            },
            "type": "library",
            "extra": {
                "branch-alias": {
                    "dev-master": "3.2-dev"
                }
            },
            "autoload": {
                "psr-4": {
                    "Symfony\\Component\\Inflector\\": ""
                },
                "exclude-from-classmap": [
                    "/Tests/"
                ]
            },
            "notification-url": "https://packagist.org/downloads/",
            "license": [
                "MIT"
            ],
            "authors": [
                {
                    "name": "Bernhard Schussek",
                    "email": "bschussek@gmail.com"
                },
                {
                    "name": "Symfony Community",
                    "homepage": "https://symfony.com/contributors"
                }
            ],
            "description": "Symfony Inflector Component",
            "homepage": "https://symfony.com",
            "keywords": [
                "inflection",
                "pluralize",
                "singularize",
                "string",
                "symfony",
                "words"
            ],
            "time": "2016-06-14T11:18:32+00:00"
        },
        {
            "name": "symfony/polyfill-php70",
            "version": "v1.3.0",
            "source": {
                "type": "git",
                "url": "https://github.com/symfony/polyfill-php70.git",
                "reference": "13ce343935f0f91ca89605a2f6ca6f5c2f3faac2"
            },
            "dist": {
                "type": "zip",
                "url": "https://api.github.com/repos/symfony/polyfill-php70/zipball/13ce343935f0f91ca89605a2f6ca6f5c2f3faac2",
                "reference": "13ce343935f0f91ca89605a2f6ca6f5c2f3faac2",
                "shasum": ""
            },
            "require": {
                "paragonie/random_compat": "~1.0|~2.0",
                "php": ">=5.3.3"
            },
            "type": "library",
            "extra": {
                "branch-alias": {
                    "dev-master": "1.3-dev"
                }
            },
            "autoload": {
                "psr-4": {
                    "Symfony\\Polyfill\\Php70\\": ""
                },
                "files": [
                    "bootstrap.php"
                ],
                "classmap": [
                    "Resources/stubs"
                ]
            },
            "notification-url": "https://packagist.org/downloads/",
            "license": [
                "MIT"
            ],
            "authors": [
                {
                    "name": "Nicolas Grekas",
                    "email": "p@tchwork.com"
                },
                {
                    "name": "Symfony Community",
                    "homepage": "https://symfony.com/contributors"
                }
            ],
            "description": "Symfony polyfill backporting some PHP 7.0+ features to lower PHP versions",
            "homepage": "https://symfony.com",
            "keywords": [
                "compatibility",
                "polyfill",
                "portable",
                "shim"
            ],
            "time": "2016-11-14T01:06:16+00:00"
        },
        {
            "name": "symfony/property-access",
            "version": "v3.2.1",
            "source": {
                "type": "git",
                "url": "https://github.com/symfony/property-access.git",
                "reference": "1cee1399154c1ac20184587ba4a6908488bf5eee"
            },
            "dist": {
                "type": "zip",
                "url": "https://api.github.com/repos/symfony/property-access/zipball/1cee1399154c1ac20184587ba4a6908488bf5eee",
                "reference": "1cee1399154c1ac20184587ba4a6908488bf5eee",
                "shasum": ""
            },
            "require": {
                "php": ">=5.5.9",
                "symfony/inflector": "~3.1",
                "symfony/polyfill-php70": "~1.0"
            },
            "require-dev": {
                "symfony/cache": "~3.1"
            },
            "suggest": {
                "psr/cache-implementation": "To cache access methods."
            },
            "type": "library",
            "extra": {
                "branch-alias": {
                    "dev-master": "3.2-dev"
                }
            },
            "autoload": {
                "psr-4": {
                    "Symfony\\Component\\PropertyAccess\\": ""
                },
                "exclude-from-classmap": [
                    "/Tests/"
                ]
            },
            "notification-url": "https://packagist.org/downloads/",
            "license": [
                "MIT"
            ],
            "authors": [
                {
                    "name": "Fabien Potencier",
                    "email": "fabien@symfony.com"
                },
                {
                    "name": "Symfony Community",
                    "homepage": "https://symfony.com/contributors"
                }
            ],
            "description": "Symfony PropertyAccess Component",
            "homepage": "https://symfony.com",
            "keywords": [
                "access",
                "array",
                "extraction",
                "index",
                "injection",
                "object",
                "property",
                "property path",
                "reflection"
            ],
            "time": "2016-12-08T15:18:22+00:00"
        },
        {
            "name": "yohang88/letter-avatar",
            "version": "1.0.2",
            "source": {
                "type": "git",
                "url": "https://github.com/yohang88/letter-avatar.git",
                "reference": "28c0b87f055efdf871e48f0ae767651a4ad19582"
            },
            "dist": {
                "type": "zip",
                "url": "https://api.github.com/repos/yohang88/letter-avatar/zipball/28c0b87f055efdf871e48f0ae767651a4ad19582",
                "reference": "28c0b87f055efdf871e48f0ae767651a4ad19582",
                "shasum": ""
            },
            "require": {
                "intervention/image": "^2.3",
                "php": ">=5.5.0"
            },
            "require-dev": {
                "phpunit/phpunit": "4.*",
                "scrutinizer/ocular": "~1.1"
            },
            "type": "library",
            "autoload": {
                "psr-4": {
                    "YoHang88\\LetterAvatar\\": "src/"
                }
            },
            "notification-url": "https://packagist.org/downloads/",
            "license": [
                "MIT"
            ],
            "authors": [
                {
                    "name": "Yoga Hanggara",
                    "email": "yohang88@gmail.com",
                    "homepage": "https://yohang.net",
                    "role": "Developer"
                }
            ],
            "description": "Generate user avatar using name initials letter.",
            "homepage": "https://github.com/yohang88/letter-avatar",
            "keywords": [
                "avatar",
                "letter avatar",
                "profile picture"
            ],
            "time": "2016-08-20T01:10:08+00:00"
        }
    ],
    "packages-dev": [],
    "aliases": [],
    "minimum-stability": "stable",
    "stability-flags": {
        "kleiram/transmission-php": 20,
        "christeredvartsen/php-bittorrent": 20
    },
    "prefer-stable": false,
    "prefer-lowest": false,
    "platform": [],
    "platform-dev": []
}
